
Microsoft Visual Studio Solution File, Format Version 12.00
# Visual Studio Version 17
VisualStudioVersion = 17.3.32901.215
MinimumVisualStudioVersion = 10.0.40219.1
Project("{9A19103F-16F7-4668-BE54-9A1E7A4F7556}") = "EMgine", "EMgine\EMgine.csproj", "{BB4221C1-E25A-4344-8AB2-483248876647}"
EndProject
Project("{FAE04EC0-301F-11D3-BF4B-00C04F79EFBC}") = "EMgineTest", "EMgineTest\EMgineTest.csproj", "{4E1FBC3E-55CB-4C7A-BB97-587984744D40}"
EndProject
Global
	GlobalSection(SolutionConfigurationPlatforms) = preSolution
		Debug|Any CPU = Debug|Any CPU
		Release|Any CPU = Release|Any CPU
	EndGlobalSection
	GlobalSection(ProjectConfigurationPlatforms) = postSolution
		{BB4221C1-E25A-4344-8AB2-483248876647}.Debug|Any CPU.ActiveCfg = Debug|Any CPU
		{BB4221C1-E25A-4344-8AB2-483248876647}.Debug|Any CPU.Build.0 = Debug|Any CPU
		{BB4221C1-E25A-4344-8AB2-483248876647}.Release|Any CPU.ActiveCfg = Release|Any CPU
		{BB4221C1-E25A-4344-8AB2-483248876647}.Release|Any CPU.Build.0 = Release|Any CPU
		{4E1FBC3E-55CB-4C7A-BB97-587984744D40}.Debug|Any CPU.ActiveCfg = Debug|Any CPU
		{4E1FBC3E-55CB-4C7A-BB97-587984744D40}.Debug|Any CPU.Build.0 = Debug|Any CPU
		{4E1FBC3E-55CB-4C7A-BB97-587984744D40}.Release|Any CPU.ActiveCfg = Release|Any CPU
		{4E1FBC3E-55CB-4C7A-BB97-587984744D40}.Release|Any CPU.Build.0 = Release|Any CPU
	EndGlobalSection
	GlobalSection(SolutionProperties) = preSolution
		HideSolutionNode = FALSE
	EndGlobalSection
	GlobalSection(ExtensibilityGlobals) = postSolution
		SolutionGuid = {CA1673F5-BEAB-415B-8AE1-F4BEEE7C0280}
	EndGlobalSection
EndGlobal
